// !$*UTF8*$!
{
	archiveVersion = 1;
	classes = {
	};
	objectVersion = 50;
	objects = {

/* Begin PBXBuildFile section */
		1B7ECE4AD6F932DF9560B6FC /* Pods_MobileNOCTaskTests.framework in Frameworks */ = {isa = PBXBuildFile; fileRef = 9E0DBE6FCF287E62CEE49BF2 /* Pods_MobileNOCTaskTests.framework */; };
		A573B2B321DFAE45008A1C9D /* AppDelegate.swift in Sources */ = {isa = PBXBuildFile; fileRef = A573B2B221DFAE45008A1C9D /* AppDelegate.swift */; };
		A573B2B821DFAE45008A1C9D /* Main.storyboard in Resources */ = {isa = PBXBuildFile; fileRef = A573B2B621DFAE45008A1C9D /* Main.storyboard */; };
		A573B2BA21DFAE47008A1C9D /* Assets.xcassets in Resources */ = {isa = PBXBuildFile; fileRef = A573B2B921DFAE47008A1C9D /* Assets.xcassets */; };
		A573B2BD21DFAE47008A1C9D /* LaunchScreen.storyboard in Resources */ = {isa = PBXBuildFile; fileRef = A573B2BB21DFAE47008A1C9D /* LaunchScreen.storyboard */; };
		A573B2C821DFAE47008A1C9D /* MobileNOCTaskTests.swift in Sources */ = {isa = PBXBuildFile; fileRef = A573B2C721DFAE47008A1C9D /* MobileNOCTaskTests.swift */; };
		A573B2D321DFAE47008A1C9D /* MobileNOCTaskUITests.swift in Sources */ = {isa = PBXBuildFile; fileRef = A573B2D221DFAE47008A1C9D /* MobileNOCTaskUITests.swift */; };
		A573B2EB21DFB5CF008A1C9D /* HomeViewController.swift in Sources */ = {isa = PBXBuildFile; fileRef = A573B2EA21DFB5CF008A1C9D /* HomeViewController.swift */; };
		A573B2EE21DFB61B008A1C9D /* ServerTableViewCell.swift in Sources */ = {isa = PBXBuildFile; fileRef = A573B2EC21DFB61B008A1C9D /* ServerTableViewCell.swift */; };
		A573B2EF21DFB61B008A1C9D /* ServerTableViewCell.xib in Resources */ = {isa = PBXBuildFile; fileRef = A573B2ED21DFB61B008A1C9D /* ServerTableViewCell.xib */; };
		A573B30821E0E11A008A1C9D /* UIImage+resize.swift in Sources */ = {isa = PBXBuildFile; fileRef = A573B30721E0E11A008A1C9D /* UIImage+resize.swift */; };
		A573B30A21E0E568008A1C9D /* UIView+Border.swift in Sources */ = {isa = PBXBuildFile; fileRef = A573B30921E0E568008A1C9D /* UIView+Border.swift */; };
		A573B30C21E0EDA8008A1C9D /* ServerDetailsResponse.swift in Sources */ = {isa = PBXBuildFile; fileRef = A573B30B21E0EDA7008A1C9D /* ServerDetailsResponse.swift */; };
		A573B31621E0EF9D008A1C9D /* CodableInit.swift in Sources */ = {isa = PBXBuildFile; fileRef = A573B31521E0EF9D008A1C9D /* CodableInit.swift */; };
		A573B31921E0F00D008A1C9D /* ResponseHandler.swift in Sources */ = {isa = PBXBuildFile; fileRef = A573B31721E0F00C008A1C9D /* ResponseHandler.swift */; };
		A573B31A21E0F00D008A1C9D /* ServerResponse.swift in Sources */ = {isa = PBXBuildFile; fileRef = A573B31821E0F00D008A1C9D /* ServerResponse.swift */; };
		A573B31C21E0F082008A1C9D /* APIRequestHandler.swift in Sources */ = {isa = PBXBuildFile; fileRef = A573B31B21E0F082008A1C9D /* APIRequestHandler.swift */; };
		A573B32021E0F238008A1C9D /* ServerPaths.swift in Sources */ = {isa = PBXBuildFile; fileRef = A573B31E21E0F238008A1C9D /* ServerPaths.swift */; };
		A573B32121E0F238008A1C9D /* URLRequestBuilder.swift in Sources */ = {isa = PBXBuildFile; fileRef = A573B31F21E0F238008A1C9D /* URLRequestBuilder.swift */; };
		A573B32421E0F374008A1C9D /* HomeRequest.swift in Sources */ = {isa = PBXBuildFile; fileRef = A573B32321E0F374008A1C9D /* HomeRequest.swift */; };
		A573B32821E0F5DA008A1C9D /* LoadMoreActivityIndicator.swift in Sources */ = {isa = PBXBuildFile; fileRef = A573B32621E0F5DA008A1C9D /* LoadMoreActivityIndicator.swift */; };
		A573B32921E0F5DA008A1C9D /* ActivityView.swift in Sources */ = {isa = PBXBuildFile; fileRef = A573B32721E0F5DA008A1C9D /* ActivityView.swift */; };
		A573B32F21E13517008A1C9D /* Alert.swift in Sources */ = {isa = PBXBuildFile; fileRef = A573B32E21E13517008A1C9D /* Alert.swift */; };
		EE3DA35CEDD76CB371097154 /* Pods_MobileNOCTaskUITests.framework in Frameworks */ = {isa = PBXBuildFile; fileRef = 2D6726138BF373EEA37F495B /* Pods_MobileNOCTaskUITests.framework */; };
		F2FA17C6E33E6A2F40B6ED21 /* Pods_MobileNOCTask.framework in Frameworks */ = {isa = PBXBuildFile; fileRef = 09D58B44A9EBB4968122AAFE /* Pods_MobileNOCTask.framework */; };
/* End PBXBuildFile section */

/* Begin PBXContainerItemProxy section */
		A573B2C421DFAE47008A1C9D /* PBXContainerItemProxy */ = {
			isa = PBXContainerItemProxy;
			containerPortal = A573B2A721DFAE45008A1C9D /* Project object */;
			proxyType = 1;
			remoteGlobalIDString = A573B2AE21DFAE45008A1C9D;
			remoteInfo = MobileNOCTask;
		};
		A573B2CF21DFAE47008A1C9D /* PBXContainerItemProxy */ = {
			isa = PBXContainerItemProxy;
			containerPortal = A573B2A721DFAE45008A1C9D /* Project object */;
			proxyType = 1;
			remoteGlobalIDString = A573B2AE21DFAE45008A1C9D;
			remoteInfo = MobileNOCTask;
		};
/* End PBXContainerItemProxy section */

/* Begin PBXFileReference section */
		00B95EA1782B48FD7E03B038 /* Pods-MobileNOCTaskUITests.release.xcconfig */ = {isa = PBXFileReference; includeInIndex = 1; lastKnownFileType = text.xcconfig; name = "Pods-MobileNOCTaskUITests.release.xcconfig"; path = "Pods/Target Support Files/Pods-MobileNOCTaskUITests/Pods-MobileNOCTaskUITests.release.xcconfig"; sourceTree = "<group>"; };
		03F4E0E97DC2CE6CCE69EA4C /* Pods-MobileNOCTask.release.xcconfig */ = {isa = PBXFileReference; includeInIndex = 1; lastKnownFileType = text.xcconfig; name = "Pods-MobileNOCTask.release.xcconfig"; path = "Pods/Target Support Files/Pods-MobileNOCTask/Pods-MobileNOCTask.release.xcconfig"; sourceTree = "<group>"; };
		09D58B44A9EBB4968122AAFE /* Pods_MobileNOCTask.framework */ = {isa = PBXFileReference; explicitFileType = wrapper.framework; includeInIndex = 0; path = Pods_MobileNOCTask.framework; sourceTree = BUILT_PRODUCTS_DIR; };
		2D6726138BF373EEA37F495B /* Pods_MobileNOCTaskUITests.framework */ = {isa = PBXFileReference; explicitFileType = wrapper.framework; includeInIndex = 0; path = Pods_MobileNOCTaskUITests.framework; sourceTree = BUILT_PRODUCTS_DIR; };
		9E0DBE6FCF287E62CEE49BF2 /* Pods_MobileNOCTaskTests.framework */ = {isa = PBXFileReference; explicitFileType = wrapper.framework; includeInIndex = 0; path = Pods_MobileNOCTaskTests.framework; sourceTree = BUILT_PRODUCTS_DIR; };
		A573B2AF21DFAE45008A1C9D /* MobileNOCTask.app */ = {isa = PBXFileReference; explicitFileType = wrapper.application; includeInIndex = 0; path = MobileNOCTask.app; sourceTree = BUILT_PRODUCTS_DIR; };
		A573B2B221DFAE45008A1C9D /* AppDelegate.swift */ = {isa = PBXFileReference; lastKnownFileType = sourcecode.swift; path = AppDelegate.swift; sourceTree = "<group>"; };
		A573B2B721DFAE45008A1C9D /* Base */ = {isa = PBXFileReference; lastKnownFileType = file.storyboard; name = Base; path = Base.lproj/Main.storyboard; sourceTree = "<group>"; };
		A573B2B921DFAE47008A1C9D /* Assets.xcassets */ = {isa = PBXFileReference; lastKnownFileType = folder.assetcatalog; path = Assets.xcassets; sourceTree = "<group>"; };
		A573B2BC21DFAE47008A1C9D /* Base */ = {isa = PBXFileReference; lastKnownFileType = file.storyboard; name = Base; path = Base.lproj/LaunchScreen.storyboard; sourceTree = "<group>"; };
		A573B2BE21DFAE47008A1C9D /* Info.plist */ = {isa = PBXFileReference; lastKnownFileType = text.plist.xml; path = Info.plist; sourceTree = "<group>"; };
		A573B2C321DFAE47008A1C9D /* MobileNOCTaskTests.xctest */ = {isa = PBXFileReference; explicitFileType = wrapper.cfbundle; includeInIndex = 0; path = MobileNOCTaskTests.xctest; sourceTree = BUILT_PRODUCTS_DIR; };
		A573B2C721DFAE47008A1C9D /* MobileNOCTaskTests.swift */ = {isa = PBXFileReference; lastKnownFileType = sourcecode.swift; path = MobileNOCTaskTests.swift; sourceTree = "<group>"; };
		A573B2C921DFAE47008A1C9D /* Info.plist */ = {isa = PBXFileReference; lastKnownFileType = text.plist.xml; path = Info.plist; sourceTree = "<group>"; };
		A573B2CE21DFAE47008A1C9D /* MobileNOCTaskUITests.xctest */ = {isa = PBXFileReference; explicitFileType = wrapper.cfbundle; includeInIndex = 0; path = MobileNOCTaskUITests.xctest; sourceTree = BUILT_PRODUCTS_DIR; };
		A573B2D221DFAE47008A1C9D /* MobileNOCTaskUITests.swift */ = {isa = PBXFileReference; lastKnownFileType = sourcecode.swift; path = MobileNOCTaskUITests.swift; sourceTree = "<group>"; };
		A573B2D421DFAE47008A1C9D /* Info.plist */ = {isa = PBXFileReference; lastKnownFileType = text.plist.xml; path = Info.plist; sourceTree = "<group>"; };
		A573B2EA21DFB5CF008A1C9D /* HomeViewController.swift */ = {isa = PBXFileReference; lastKnownFileType = sourcecode.swift; path = HomeViewController.swift; sourceTree = "<group>"; };
		A573B2EC21DFB61B008A1C9D /* ServerTableViewCell.swift */ = {isa = PBXFileReference; lastKnownFileType = sourcecode.swift; path = ServerTableViewCell.swift; sourceTree = "<group>"; };
		A573B2ED21DFB61B008A1C9D /* ServerTableViewCell.xib */ = {isa = PBXFileReference; lastKnownFileType = file.xib; path = ServerTableViewCell.xib; sourceTree = "<group>"; };
		A573B30721E0E11A008A1C9D /* UIImage+resize.swift */ = {isa = PBXFileReference; lastKnownFileType = sourcecode.swift; path = "UIImage+resize.swift"; sourceTree = "<group>"; };
		A573B30921E0E568008A1C9D /* UIView+Border.swift */ = {isa = PBXFileReference; fileEncoding = 4; lastKnownFileType = sourcecode.swift; path = "UIView+Border.swift"; sourceTree = "<group>"; };
		A573B30B21E0EDA7008A1C9D /* ServerDetailsResponse.swift */ = {isa = PBXFileReference; lastKnownFileType = sourcecode.swift; path = ServerDetailsResponse.swift; sourceTree = "<group>"; };
		A573B31521E0EF9D008A1C9D /* CodableInit.swift */ = {isa = PBXFileReference; fileEncoding = 4; lastKnownFileType = sourcecode.swift; path = CodableInit.swift; sourceTree = "<group>"; };
		A573B31721E0F00C008A1C9D /* ResponseHandler.swift */ = {isa = PBXFileReference; fileEncoding = 4; lastKnownFileType = sourcecode.swift; path = ResponseHandler.swift; sourceTree = "<group>"; };
		A573B31821E0F00D008A1C9D /* ServerResponse.swift */ = {isa = PBXFileReference; fileEncoding = 4; lastKnownFileType = sourcecode.swift; path = ServerResponse.swift; sourceTree = "<group>"; };
		A573B31B21E0F082008A1C9D /* APIRequestHandler.swift */ = {isa = PBXFileReference; fileEncoding = 4; lastKnownFileType = sourcecode.swift; path = APIRequestHandler.swift; sourceTree = "<group>"; };
		A573B31E21E0F238008A1C9D /* ServerPaths.swift */ = {isa = PBXFileReference; fileEncoding = 4; lastKnownFileType = sourcecode.swift; path = ServerPaths.swift; sourceTree = "<group>"; };
		A573B31F21E0F238008A1C9D /* URLRequestBuilder.swift */ = {isa = PBXFileReference; fileEncoding = 4; lastKnownFileType = sourcecode.swift; path = URLRequestBuilder.swift; sourceTree = "<group>"; };
		A573B32321E0F374008A1C9D /* HomeRequest.swift */ = {isa = PBXFileReference; lastKnownFileType = sourcecode.swift; path = HomeRequest.swift; sourceTree = "<group>"; };
		A573B32621E0F5DA008A1C9D /* LoadMoreActivityIndicator.swift */ = {isa = PBXFileReference; fileEncoding = 4; lastKnownFileType = sourcecode.swift; path = LoadMoreActivityIndicator.swift; sourceTree = "<group>"; };
		A573B32721E0F5DA008A1C9D /* ActivityView.swift */ = {isa = PBXFileReference; fileEncoding = 4; lastKnownFileType = sourcecode.swift; path = ActivityView.swift; sourceTree = "<group>"; };
		A573B32E21E13517008A1C9D /* Alert.swift */ = {isa = PBXFileReference; lastKnownFileType = sourcecode.swift; path = Alert.swift; sourceTree = "<group>"; };
		A9017DD7AD0CFFF3472F9F92 /* Pods-MobileNOCTaskUITests.debug.xcconfig */ = {isa = PBXFileReference; includeInIndex = 1; lastKnownFileType = text.xcconfig; name = "Pods-MobileNOCTaskUITests.debug.xcconfig"; path = "Pods/Target Support Files/Pods-MobileNOCTaskUITests/Pods-MobileNOCTaskUITests.debug.xcconfig"; sourceTree = "<group>"; };
		B52290DE75CFC81D22543EAD /* Pods-MobileNOCTaskTests.release.xcconfig */ = {isa = PBXFileReference; includeInIndex = 1; lastKnownFileType = text.xcconfig; name = "Pods-MobileNOCTaskTests.release.xcconfig"; path = "Pods/Target Support Files/Pods-MobileNOCTaskTests/Pods-MobileNOCTaskTests.release.xcconfig"; sourceTree = "<group>"; };
		B917F304C22CFBAB8D1934FE /* Pods-MobileNOCTask.debug.xcconfig */ = {isa = PBXFileReference; includeInIndex = 1; lastKnownFileType = text.xcconfig; name = "Pods-MobileNOCTask.debug.xcconfig"; path = "Pods/Target Support Files/Pods-MobileNOCTask/Pods-MobileNOCTask.debug.xcconfig"; sourceTree = "<group>"; };
		F40909D8105FED21355F4AC9 /* Pods-MobileNOCTaskTests.debug.xcconfig */ = {isa = PBXFileReference; includeInIndex = 1; lastKnownFileType = text.xcconfig; name = "Pods-MobileNOCTaskTests.debug.xcconfig"; path = "Pods/Target Support Files/Pods-MobileNOCTaskTests/Pods-MobileNOCTaskTests.debug.xcconfig"; sourceTree = "<group>"; };
/* End PBXFileReference section */

/* Begin PBXFrameworksBuildPhase section */
		A573B2AC21DFAE45008A1C9D /* Frameworks */ = {
			isa = PBXFrameworksBuildPhase;
			buildActionMask = 2147483647;
			files = (
				F2FA17C6E33E6A2F40B6ED21 /* Pods_MobileNOCTask.framework in Frameworks */,
			);
			runOnlyForDeploymentPostprocessing = 0;
		};
		A573B2C021DFAE47008A1C9D /* Frameworks */ = {
			isa = PBXFrameworksBuildPhase;
			buildActionMask = 2147483647;
			files = (
				1B7ECE4AD6F932DF9560B6FC /* Pods_MobileNOCTaskTests.framework in Frameworks */,
			);
			runOnlyForDeploymentPostprocessing = 0;
		};
		A573B2CB21DFAE47008A1C9D /* Frameworks */ = {
			isa = PBXFrameworksBuildPhase;
			buildActionMask = 2147483647;
			files = (
				EE3DA35CEDD76CB371097154 /* Pods_MobileNOCTaskUITests.framework in Frameworks */,
			);
			runOnlyForDeploymentPostprocessing = 0;
		};
/* End PBXFrameworksBuildPhase section */

/* Begin PBXGroup section */
		2A7EE67515EEF371BE7EE1FB /* Frameworks */ = {
			isa = PBXGroup;
			children = (
				09D58B44A9EBB4968122AAFE /* Pods_MobileNOCTask.framework */,
				9E0DBE6FCF287E62CEE49BF2 /* Pods_MobileNOCTaskTests.framework */,
				2D6726138BF373EEA37F495B /* Pods_MobileNOCTaskUITests.framework */,
			);
			name = Frameworks;
			sourceTree = "<group>";
		};
		A573B2A621DFAE45008A1C9D = {
			isa = PBXGroup;
			children = (
				A573B2B121DFAE45008A1C9D /* MobileNOCTask */,
				A573B2C621DFAE47008A1C9D /* MobileNOCTaskTests */,
				A573B2D121DFAE47008A1C9D /* MobileNOCTaskUITests */,
				A573B2B021DFAE45008A1C9D /* Products */,
				C6E6C5135D3B73FEB5DC0168 /* Pods */,
				2A7EE67515EEF371BE7EE1FB /* Frameworks */,
			);
			sourceTree = "<group>";
		};
		A573B2B021DFAE45008A1C9D /* Products */ = {
			isa = PBXGroup;
			children = (
				A573B2AF21DFAE45008A1C9D /* MobileNOCTask.app */,
				A573B2C321DFAE47008A1C9D /* MobileNOCTaskTests.xctest */,
				A573B2CE21DFAE47008A1C9D /* MobileNOCTaskUITests.xctest */,
			);
			name = Products;
			sourceTree = "<group>";
		};
		A573B2B121DFAE45008A1C9D /* MobileNOCTask */ = {
			isa = PBXGroup;
			children = (
				A573B2E121DFB359008A1C9D /* Shared */,
				A573B2E321DFB378008A1C9D /* AppCompnents */,
			);
			path = MobileNOCTask;
			sourceTree = "<group>";
		};
		A573B2C621DFAE47008A1C9D /* MobileNOCTaskTests */ = {
			isa = PBXGroup;
			children = (
				A573B2C721DFAE47008A1C9D /* MobileNOCTaskTests.swift */,
				A573B2C921DFAE47008A1C9D /* Info.plist */,
			);
			path = MobileNOCTaskTests;
			sourceTree = "<group>";
		};
		A573B2D121DFAE47008A1C9D /* MobileNOCTaskUITests */ = {
			isa = PBXGroup;
			children = (
				A573B2D221DFAE47008A1C9D /* MobileNOCTaskUITests.swift */,
				A573B2D421DFAE47008A1C9D /* Info.plist */,
			);
			path = MobileNOCTaskUITests;
			sourceTree = "<group>";
		};
		A573B2E021DFB172008A1C9D /* App Assets */ = {
			isa = PBXGroup;
			children = (
				A573B2B221DFAE45008A1C9D /* AppDelegate.swift */,
				A573B2B921DFAE47008A1C9D /* Assets.xcassets */,
				A573B2BB21DFAE47008A1C9D /* LaunchScreen.storyboard */,
				A573B2BE21DFAE47008A1C9D /* Info.plist */,
			);
			path = "App Assets";
			sourceTree = "<group>";
		};
		A573B2E121DFB359008A1C9D /* Shared */ = {
			isa = PBXGroup;
			children = (
				A573B32521E0F5C9008A1C9D /* Classes */,
				A573B30D21E0EE8A008A1C9D /* Networking */,
				A573B30621E0E0FA008A1C9D /* Extensions */,
				A573B2E021DFB172008A1C9D /* App Assets */,
			);
			path = Shared;
			sourceTree = "<group>";
		};
		A573B2E321DFB378008A1C9D /* AppCompnents */ = {
			isa = PBXGroup;
			children = (
				A573B2E421DFB399008A1C9D /* Home */,
			);
			path = AppCompnents;
			sourceTree = "<group>";
		};
		A573B2E421DFB399008A1C9D /* Home */ = {
			isa = PBXGroup;
			children = (
				A573B32221E0F35A008A1C9D /* Network */,
				A573B2E921DFB5B8008A1C9D /* Model */,
				A573B2E821DFB5B2008A1C9D /* View */,
				A573B2E621DFB596008A1C9D /* Controller */,
				A573B2E521DFB3B7008A1C9D /* Storyboard */,
			);
			path = Home;
			sourceTree = "<group>";
		};
		A573B2E521DFB3B7008A1C9D /* Storyboard */ = {
			isa = PBXGroup;
			children = (
				A573B2B621DFAE45008A1C9D /* Main.storyboard */,
			);
			path = Storyboard;
			sourceTree = "<group>";
		};
		A573B2E621DFB596008A1C9D /* Controller */ = {
			isa = PBXGroup;
			children = (
				A573B2EA21DFB5CF008A1C9D /* HomeViewController.swift */,
			);
			path = Controller;
			sourceTree = "<group>";
		};
		A573B2E821DFB5B2008A1C9D /* View */ = {
			isa = PBXGroup;
			children = (
				A573B2EC21DFB61B008A1C9D /* ServerTableViewCell.swift */,
				A573B2ED21DFB61B008A1C9D /* ServerTableViewCell.xib */,
			);
			path = View;
			sourceTree = "<group>";
		};
		A573B2E921DFB5B8008A1C9D /* Model */ = {
			isa = PBXGroup;
			children = (
				A573B30B21E0EDA7008A1C9D /* ServerDetailsResponse.swift */,
			);
			path = Model;
			sourceTree = "<group>";
		};
		A573B30621E0E0FA008A1C9D /* Extensions */ = {
			isa = PBXGroup;
			children = (
				A573B30721E0E11A008A1C9D /* UIImage+resize.swift */,
				A573B30921E0E568008A1C9D /* UIView+Border.swift */,
			);
			path = Extensions;
			sourceTree = "<group>";
		};
		A573B30D21E0EE8A008A1C9D /* Networking */ = {
			isa = PBXGroup;
			children = (
				A573B31D21E0F1F3008A1C9D /* Router */,
				A573B30F21E0EEB7008A1C9D /* Request */,
				A573B30E21E0EEA5008A1C9D /* Response */,
			);
			path = Networking;
			sourceTree = "<group>";
		};
		A573B30E21E0EEA5008A1C9D /* Response */ = {
			isa = PBXGroup;
			children = (
				A573B31521E0EF9D008A1C9D /* CodableInit.swift */,
				A573B31721E0F00C008A1C9D /* ResponseHandler.swift */,
				A573B31821E0F00D008A1C9D /* ServerResponse.swift */,
			);
			path = Response;
			sourceTree = "<group>";
		};
		A573B30F21E0EEB7008A1C9D /* Request */ = {
			isa = PBXGroup;
			children = (
				A573B31B21E0F082008A1C9D /* APIRequestHandler.swift */,
			);
			path = Request;
			sourceTree = "<group>";
		};
		A573B31D21E0F1F3008A1C9D /* Router */ = {
			isa = PBXGroup;
			children = (
				A573B31E21E0F238008A1C9D /* ServerPaths.swift */,
				A573B31F21E0F238008A1C9D /* URLRequestBuilder.swift */,
			);
			path = Router;
			sourceTree = "<group>";
		};
		A573B32221E0F35A008A1C9D /* Network */ = {
			isa = PBXGroup;
			children = (
				A573B32321E0F374008A1C9D /* HomeRequest.swift */,
			);
			path = Network;
			sourceTree = "<group>";
		};
		A573B32521E0F5C9008A1C9D /* Classes */ = {
			isa = PBXGroup;
			children = (
				A573B32721E0F5DA008A1C9D /* ActivityView.swift */,
				A573B32621E0F5DA008A1C9D /* LoadMoreActivityIndicator.swift */,
				A573B32E21E13517008A1C9D /* Alert.swift */,
			);
			path = Classes;
			sourceTree = "<group>";
		};
		C6E6C5135D3B73FEB5DC0168 /* Pods */ = {
			isa = PBXGroup;
			children = (
				B917F304C22CFBAB8D1934FE /* Pods-MobileNOCTask.debug.xcconfig */,
				03F4E0E97DC2CE6CCE69EA4C /* Pods-MobileNOCTask.release.xcconfig */,
				F40909D8105FED21355F4AC9 /* Pods-MobileNOCTaskTests.debug.xcconfig */,
				B52290DE75CFC81D22543EAD /* Pods-MobileNOCTaskTests.release.xcconfig */,
				A9017DD7AD0CFFF3472F9F92 /* Pods-MobileNOCTaskUITests.debug.xcconfig */,
				00B95EA1782B48FD7E03B038 /* Pods-MobileNOCTaskUITests.release.xcconfig */,
			);
			name = Pods;
			sourceTree = "<group>";
		};
/* End PBXGroup section */

/* Begin PBXNativeTarget section */
		A573B2AE21DFAE45008A1C9D /* MobileNOCTask */ = {
			isa = PBXNativeTarget;
			buildConfigurationList = A573B2D721DFAE47008A1C9D /* Build configuration list for PBXNativeTarget "MobileNOCTask" */;
			buildPhases = (
				088691D41013B3963FD9B6B7 /* [CP] Check Pods Manifest.lock */,
				A573B2AB21DFAE45008A1C9D /* Sources */,
				A573B2AC21DFAE45008A1C9D /* Frameworks */,
				A573B2AD21DFAE45008A1C9D /* Resources */,
				5307A046173C1345949B2849 /* [CP] Embed Pods Frameworks */,
			);
			buildRules = (
			);
			dependencies = (
			);
			name = MobileNOCTask;
			productName = MobileNOCTask;
			productReference = A573B2AF21DFAE45008A1C9D /* MobileNOCTask.app */;
			productType = "com.apple.product-type.application";
		};
		A573B2C221DFAE47008A1C9D /* MobileNOCTaskTests */ = {
			isa = PBXNativeTarget;
			buildConfigurationList = A573B2DA21DFAE47008A1C9D /* Build configuration list for PBXNativeTarget "MobileNOCTaskTests" */;
			buildPhases = (
				046312BB48E4694B176A6ABD /* [CP] Check Pods Manifest.lock */,
				A573B2BF21DFAE47008A1C9D /* Sources */,
				A573B2C021DFAE47008A1C9D /* Frameworks */,
				A573B2C121DFAE47008A1C9D /* Resources */,
			);
			buildRules = (
			);
			dependencies = (
				A573B2C521DFAE47008A1C9D /* PBXTargetDependency */,
			);
			name = MobileNOCTaskTests;
			productName = MobileNOCTaskTests;
			productReference = A573B2C321DFAE47008A1C9D /* MobileNOCTaskTests.xctest */;
			productType = "com.apple.product-type.bundle.unit-test";
		};
		A573B2CD21DFAE47008A1C9D /* MobileNOCTaskUITests */ = {
			isa = PBXNativeTarget;
			buildConfigurationList = A573B2DD21DFAE47008A1C9D /* Build configuration list for PBXNativeTarget "MobileNOCTaskUITests" */;
			buildPhases = (
				7E467FB60A836B2852EB988A /* [CP] Check Pods Manifest.lock */,
				A573B2CA21DFAE47008A1C9D /* Sources */,
				A573B2CB21DFAE47008A1C9D /* Frameworks */,
				A573B2CC21DFAE47008A1C9D /* Resources */,
			);
			buildRules = (
			);
			dependencies = (
				A573B2D021DFAE47008A1C9D /* PBXTargetDependency */,
			);
			name = MobileNOCTaskUITests;
			productName = MobileNOCTaskUITests;
			productReference = A573B2CE21DFAE47008A1C9D /* MobileNOCTaskUITests.xctest */;
			productType = "com.apple.product-type.bundle.ui-testing";
		};
/* End PBXNativeTarget section */

/* Begin PBXProject section */
		A573B2A721DFAE45008A1C9D /* Project object */ = {
			isa = PBXProject;
			attributes = {
				LastSwiftUpdateCheck = 1010;
				LastUpgradeCheck = 1010;
				ORGANIZATIONNAME = "Mohammed Elnaggar";
				TargetAttributes = {
					A573B2AE21DFAE45008A1C9D = {
						CreatedOnToolsVersion = 10.1;
					};
					A573B2C221DFAE47008A1C9D = {
						CreatedOnToolsVersion = 10.1;
						TestTargetID = A573B2AE21DFAE45008A1C9D;
					};
					A573B2CD21DFAE47008A1C9D = {
						CreatedOnToolsVersion = 10.1;
						TestTargetID = A573B2AE21DFAE45008A1C9D;
					};
				};
			};
			buildConfigurationList = A573B2AA21DFAE45008A1C9D /* Build configuration list for PBXProject "MobileNOCTask" */;
			compatibilityVersion = "Xcode 9.3";
			developmentRegion = en;
			hasScannedForEncodings = 0;
			knownRegions = (
				en,
				Base,
			);
			mainGroup = A573B2A621DFAE45008A1C9D;
			productRefGroup = A573B2B021DFAE45008A1C9D /* Products */;
			projectDirPath = "";
			projectRoot = "";
			targets = (
				A573B2AE21DFAE45008A1C9D /* MobileNOCTask */,
				A573B2C221DFAE47008A1C9D /* MobileNOCTaskTests */,
				A573B2CD21DFAE47008A1C9D /* MobileNOCTaskUITests */,
			);
		};
/* End PBXProject section */

/* Begin PBXResourcesBuildPhase section */
		A573B2AD21DFAE45008A1C9D /* Resources */ = {
			isa = PBXResourcesBuildPhase;
			buildActionMask = 2147483647;
			files = (
				A573B2BD21DFAE47008A1C9D /* LaunchScreen.storyboard in Resources */,
				A573B2BA21DFAE47008A1C9D /* Assets.xcassets in Resources */,
				A573B2EF21DFB61B008A1C9D /* ServerTableViewCell.xib in Resources */,
				A573B2B821DFAE45008A1C9D /* Main.storyboard in Resources */,
			);
			runOnlyForDeploymentPostprocessing = 0;
		};
		A573B2C121DFAE47008A1C9D /* Resources */ = {
			isa = PBXResourcesBuildPhase;
			buildActionMask = 2147483647;
			files = (
			);
			runOnlyForDeploymentPostprocessing = 0;
		};
		A573B2CC21DFAE47008A1C9D /* Resources */ = {
			isa = PBXResourcesBuildPhase;
			buildActionMask = 2147483647;
			files = (
			);
			runOnlyForDeploymentPostprocessing = 0;
		};
/* End PBXResourcesBuildPhase section */

/* Begin PBXShellScriptBuildPhase section */
		046312BB48E4694B176A6ABD /* [CP] Check Pods Manifest.lock */ = {
			isa = PBXShellScriptBuildPhase;
			buildActionMask = 2147483647;
			files = (
			);
			inputFileListPaths = (
			);
			inputPaths = (
				"${PODS_PODFILE_DIR_PATH}/Podfile.lock",
				"${PODS_ROOT}/Manifest.lock",
			);
			name = "[CP] Check Pods Manifest.lock";
			outputFileListPaths = (
			);
			outputPaths = (
				"$(DERIVED_FILE_DIR)/Pods-MobileNOCTaskTests-checkManifestLockResult.txt",
			);
			runOnlyForDeploymentPostprocessing = 0;
			shellPath = /bin/sh;
			shellScript = "diff \"${PODS_PODFILE_DIR_PATH}/Podfile.lock\" \"${PODS_ROOT}/Manifest.lock\" > /dev/null\nif [ $? != 0 ] ; then\n    # print error to STDERR\n    echo \"error: The sandbox is not in sync with the Podfile.lock. Run 'pod install' or update your CocoaPods installation.\" >&2\n    exit 1\nfi\n# This output is used by Xcode 'outputs' to avoid re-running this script phase.\necho \"SUCCESS\" > \"${SCRIPT_OUTPUT_FILE_0}\"\n";
			showEnvVarsInLog = 0;
		};
		088691D41013B3963FD9B6B7 /* [CP] Check Pods Manifest.lock */ = {
			isa = PBXShellScriptBuildPhase;
			buildActionMask = 2147483647;
			files = (
			);
			inputFileListPaths = (
			);
			inputPaths = (
				"${PODS_PODFILE_DIR_PATH}/Podfile.lock",
				"${PODS_ROOT}/Manifest.lock",
			);
			name = "[CP] Check Pods Manifest.lock";
			outputFileListPaths = (
			);
			outputPaths = (
				"$(DERIVED_FILE_DIR)/Pods-MobileNOCTask-checkManifestLockResult.txt",
			);
			runOnlyForDeploymentPostprocessing = 0;
			shellPath = /bin/sh;
			shellScript = "diff \"${PODS_PODFILE_DIR_PATH}/Podfile.lock\" \"${PODS_ROOT}/Manifest.lock\" > /dev/null\nif [ $? != 0 ] ; then\n    # print error to STDERR\n    echo \"error: The sandbox is not in sync with the Podfile.lock. Run 'pod install' or update your CocoaPods installation.\" >&2\n    exit 1\nfi\n# This output is used by Xcode 'outputs' to avoid re-running this script phase.\necho \"SUCCESS\" > \"${SCRIPT_OUTPUT_FILE_0}\"\n";
			showEnvVarsInLog = 0;
		};
		5307A046173C1345949B2849 /* [CP] Embed Pods Frameworks */ = {
			isa = PBXShellScriptBuildPhase;
			buildActionMask = 2147483647;
			files = (
			);
			inputFileListPaths = (
			);
			inputPaths = (
				"${SRCROOT}/Pods/Target Support Files/Pods-MobileNOCTask/Pods-MobileNOCTask-frameworks.sh",
				"${BUILT_PRODUCTS_DIR}/Alamofire/Alamofire.framework",
			);
			name = "[CP] Embed Pods Frameworks";
			outputFileListPaths = (
			);
			outputPaths = (
				"${TARGET_BUILD_DIR}/${FRAMEWORKS_FOLDER_PATH}/Alamofire.framework",
			);
			runOnlyForDeploymentPostprocessing = 0;
			shellPath = /bin/sh;
			shellScript = "\"${SRCROOT}/Pods/Target Support Files/Pods-MobileNOCTask/Pods-MobileNOCTask-frameworks.sh\"\n";
			showEnvVarsInLog = 0;
		};
		7E467FB60A836B2852EB988A /* [CP] Check Pods Manifest.lock */ = {
			isa = PBXShellScriptBuildPhase;
			buildActionMask = 2147483647;
			files = (
			);
			inputFileListPaths = (
			);
			inputPaths = (
				"${PODS_PODFILE_DIR_PATH}/Podfile.lock",
				"${PODS_ROOT}/Manifest.lock",
			);
			name = "[CP] Check Pods Manifest.lock";
			outputFileListPaths = (
			);
			outputPaths = (
				"$(DERIVED_FILE_DIR)/Pods-MobileNOCTaskUITests-checkManifestLockResult.txt",
			);
			runOnlyForDeploymentPostprocessing = 0;
			shellPath = /bin/sh;
			shellScript = "diff \"${PODS_PODFILE_DIR_PATH}/Podfile.lock\" \"${PODS_ROOT}/Manifest.lock\" > /dev/null\nif [ $? != 0 ] ; then\n    # print error to STDERR\n    echo \"error: The sandbox is not in sync with the Podfile.lock. Run 'pod install' or update your CocoaPods installation.\" >&2\n    exit 1\nfi\n# This output is used by Xcode 'outputs' to avoid re-running this script phase.\necho \"SUCCESS\" > \"${SCRIPT_OUTPUT_FILE_0}\"\n";
			showEnvVarsInLog = 0;
		};
/* End PBXShellScriptBuildPhase section */

/* Begin PBXSourcesBuildPhase section */
		A573B2AB21DFAE45008A1C9D /* Sources */ = {
			isa = PBXSourcesBuildPhase;
			buildActionMask = 2147483647;
			files = (
				A573B2B321DFAE45008A1C9D /* AppDelegate.swift in Sources */,
				A573B30C21E0EDA8008A1C9D /* ServerDetailsResponse.swift in Sources */,
				A573B30821E0E11A008A1C9D /* UIImage+resize.swift in Sources */,
				A573B2EE21DFB61B008A1C9D /* ServerTableViewCell.swift in Sources */,
				A573B31A21E0F00D008A1C9D /* ServerResponse.swift in Sources */,
				A573B32121E0F238008A1C9D /* URLRequestBuilder.swift in Sources */,
				A573B30A21E0E568008A1C9D /* UIView+Border.swift in Sources */,
				A573B31921E0F00D008A1C9D /* ResponseHandler.swift in Sources */,
				A573B32921E0F5DA008A1C9D /* ActivityView.swift in Sources */,
				A573B32021E0F238008A1C9D /* ServerPaths.swift in Sources */,
				A573B2EB21DFB5CF008A1C9D /* HomeViewController.swift in Sources */,
				A573B31621E0EF9D008A1C9D /* CodableInit.swift in Sources */,
				A573B32821E0F5DA008A1C9D /* LoadMoreActivityIndicator.swift in Sources */,
				A573B31C21E0F082008A1C9D /* APIRequestHandler.swift in Sources */,
				A573B32F21E13517008A1C9D /* Alert.swift in Sources */,
				A573B32421E0F374008A1C9D /* HomeRequest.swift in Sources */,
			);
			runOnlyForDeploymentPostprocessing = 0;
		};
		A573B2BF21DFAE47008A1C9D /* Sources */ = {
			isa = PBXSourcesBuildPhase;
			buildActionMask = 2147483647;
			files = (
				A573B2C821DFAE47008A1C9D /* MobileNOCTaskTests.swift in Sources */,
			);
			runOnlyForDeploymentPostprocessing = 0;
		};
		A573B2CA21DFAE47008A1C9D /* Sources */ = {
			isa = PBXSourcesBuildPhase;
			buildActionMask = 2147483647;
			files = (
				A573B2D321DFAE47008A1C9D /* MobileNOCTaskUITests.swift in Sources */,
			);
			runOnlyForDeploymentPostprocessing = 0;
		};
/* End PBXSourcesBuildPhase section */

/* Begin PBXTargetDependency section */
		A573B2C521DFAE47008A1C9D /* PBXTargetDependency */ = {
			isa = PBXTargetDependency;
			target = A573B2AE21DFAE45008A1C9D /* MobileNOCTask */;
			targetProxy = A573B2C421DFAE47008A1C9D /* PBXContainerItemProxy */;
		};
		A573B2D021DFAE47008A1C9D /* PBXTargetDependency */ = {
			isa = PBXTargetDependency;
			target = A573B2AE21DFAE45008A1C9D /* MobileNOCTask */;
			targetProxy = A573B2CF21DFAE47008A1C9D /* PBXContainerItemProxy */;
		};
/* End PBXTargetDependency section */

/* Begin PBXVariantGroup section */
		A573B2B621DFAE45008A1C9D /* Main.storyboard */ = {
			isa = PBXVariantGroup;
			children = (
				A573B2B721DFAE45008A1C9D /* Base */,
			);
			name = Main.storyboard;
			sourceTree = "<group>";
		};
		A573B2BB21DFAE47008A1C9D /* LaunchScreen.storyboard */ = {
			isa = PBXVariantGroup;
			children = (
				A573B2BC21DFAE47008A1C9D /* Base */,
			);
			name = LaunchScreen.storyboard;
			sourceTree = "<group>";
		};
/* End PBXVariantGroup section */

/* Begin XCBuildConfiguration section */
		A573B2D521DFAE47008A1C9D /* Debug */ = {
			isa = XCBuildConfiguration;
			buildSettings = {
				ALWAYS_SEARCH_USER_PATHS = NO;
				CLANG_ANALYZER_NONNULL = YES;
				CLANG_ANALYZER_NUMBER_OBJECT_CONVERSION = YES_AGGRESSIVE;
				CLANG_CXX_LANGUAGE_STANDARD = "gnu++14";
				CLANG_CXX_LIBRARY = "libc++";
				CLANG_ENABLE_MODULES = YES;
				CLANG_ENABLE_OBJC_ARC = YES;
				CLANG_ENABLE_OBJC_WEAK = YES;
				CLANG_WARN_BLOCK_CAPTURE_AUTORELEASING = YES;
				CLANG_WARN_BOOL_CONVERSION = YES;
				CLANG_WARN_COMMA = YES;
				CLANG_WARN_CONSTANT_CONVERSION = YES;
				CLANG_WARN_DEPRECATED_OBJC_IMPLEMENTATIONS = YES;
				CLANG_WARN_DIRECT_OBJC_ISA_USAGE = YES_ERROR;
				CLANG_WARN_DOCUMENTATION_COMMENTS = YES;
				CLANG_WARN_EMPTY_BODY = YES;
				CLANG_WARN_ENUM_CONVERSION = YES;
				CLANG_WARN_INFINITE_RECURSION = YES;
				CLANG_WARN_INT_CONVERSION = YES;
				CLANG_WARN_NON_LITERAL_NULL_CONVERSION = YES;
				CLANG_WARN_OBJC_IMPLICIT_RETAIN_SELF = YES;
				CLANG_WARN_OBJC_LITERAL_CONVERSION = YES;
				CLANG_WARN_OBJC_ROOT_CLASS = YES_ERROR;
				CLANG_WARN_RANGE_LOOP_ANALYSIS = YES;
				CLANG_WARN_STRICT_PROTOTYPES = YES;
				CLANG_WARN_SUSPICIOUS_MOVE = YES;
				CLANG_WARN_UNGUARDED_AVAILABILITY = YES_AGGRESSIVE;
				CLANG_WARN_UNREACHABLE_CODE = YES;
				CLANG_WARN__DUPLICATE_METHOD_MATCH = YES;
				CODE_SIGN_IDENTITY = "iPhone Developer";
				COPY_PHASE_STRIP = NO;
				DEBUG_INFORMATION_FORMAT = dwarf;
				ENABLE_STRICT_OBJC_MSGSEND = YES;
				ENABLE_TESTABILITY = YES;
				GCC_C_LANGUAGE_STANDARD = gnu11;
				GCC_DYNAMIC_NO_PIC = NO;
				GCC_NO_COMMON_BLOCKS = YES;
				GCC_OPTIMIZATION_LEVEL = 0;
				GCC_PREPROCESSOR_DEFINITIONS = (
					"DEBUG=1",
					"$(inherited)",
				);
				GCC_WARN_64_TO_32_BIT_CONVERSION = YES;
				GCC_WARN_ABOUT_RETURN_TYPE = YES_ERROR;
				GCC_WARN_UNDECLARED_SELECTOR = YES;
				GCC_WARN_UNINITIALIZED_AUTOS = YES_AGGRESSIVE;
				GCC_WARN_UNUSED_FUNCTION = YES;
				GCC_WARN_UNUSED_VARIABLE = YES;
				IPHONEOS_DEPLOYMENT_TARGET = 12.1;
				MTL_ENABLE_DEBUG_INFO = INCLUDE_SOURCE;
				MTL_FAST_MATH = YES;
				ONLY_ACTIVE_ARCH = YES;
				SDKROOT = iphoneos;
				SWIFT_ACTIVE_COMPILATION_CONDITIONS = DEBUG;
				SWIFT_OPTIMIZATION_LEVEL = "-Onone";
			};
			name = Debug;
		};
		A573B2D621DFAE47008A1C9D /* Release */ = {
			isa = XCBuildConfiguration;
			buildSettings = {
				ALWAYS_SEARCH_USER_PATHS = NO;
				CLANG_ANALYZER_NONNULL = YES;
				CLANG_ANALYZER_NUMBER_OBJECT_CONVERSION = YES_AGGRESSIVE;
				CLANG_CXX_LANGUAGE_STANDARD = "gnu++14";
				CLANG_CXX_LIBRARY = "libc++";
				CLANG_ENABLE_MODULES = YES;
				CLANG_ENABLE_OBJC_ARC = YES;
				CLANG_ENABLE_OBJC_WEAK = YES;
				CLANG_WARN_BLOCK_CAPTURE_AUTORELEASING = YES;
				CLANG_WARN_BOOL_CONVERSION = YES;
				CLANG_WARN_COMMA = YES;
				CLANG_WARN_CONSTANT_CONVERSION = YES;
				CLANG_WARN_DEPRECATED_OBJC_IMPLEMENTATIONS = YES;
				CLANG_WARN_DIRECT_OBJC_ISA_USAGE = YES_ERROR;
				CLANG_WARN_DOCUMENTATION_COMMENTS = YES;
				CLANG_WARN_EMPTY_BODY = YES;
				CLANG_WARN_ENUM_CONVERSION = YES;
				CLANG_WARN_INFINITE_RECURSION = YES;
				CLANG_WARN_INT_CONVERSION = YES;
				CLANG_WARN_NON_LITERAL_NULL_CONVERSION = YES;
				CLANG_WARN_OBJC_IMPLICIT_RETAIN_SELF = YES;
				CLANG_WARN_OBJC_LITERAL_CONVERSION = YES;
				CLANG_WARN_OBJC_ROOT_CLASS = YES_ERROR;
				CLANG_WARN_RANGE_LOOP_ANALYSIS = YES;
				CLANG_WARN_STRICT_PROTOTYPES = YES;
				CLANG_WARN_SUSPICIOUS_MOVE = YES;
				CLANG_WARN_UNGUARDED_AVAILABILITY = YES_AGGRESSIVE;
				CLANG_WARN_UNREACHABLE_CODE = YES;
				CLANG_WARN__DUPLICATE_METHOD_MATCH = YES;
				CODE_SIGN_IDENTITY = "iPhone Developer";
				COPY_PHASE_STRIP = NO;
				DEBUG_INFORMATION_FORMAT = "dwarf-with-dsym";
				ENABLE_NS_ASSERTIONS = NO;
				ENABLE_STRICT_OBJC_MSGSEND = YES;
				GCC_C_LANGUAGE_STANDARD = gnu11;
				GCC_NO_COMMON_BLOCKS = YES;
				GCC_WARN_64_TO_32_BIT_CONVERSION = YES;
				GCC_WARN_ABOUT_RETURN_TYPE = YES_ERROR;
				GCC_WARN_UNDECLARED_SELECTOR = YES;
				GCC_WARN_UNINITIALIZED_AUTOS = YES_AGGRESSIVE;
				GCC_WARN_UNUSED_FUNCTION = YES;
				GCC_WARN_UNUSED_VARIABLE = YES;
				IPHONEOS_DEPLOYMENT_TARGET = 12.1;
				MTL_ENABLE_DEBUG_INFO = NO;
				MTL_FAST_MATH = YES;
				SDKROOT = iphoneos;
				SWIFT_COMPILATION_MODE = wholemodule;
				SWIFT_OPTIMIZATION_LEVEL = "-O";
				VALIDATE_PRODUCT = YES;
			};
			name = Release;
		};
		A573B2D821DFAE47008A1C9D /* Debug */ = {
			isa = XCBuildConfiguration;
			baseConfigurationReference = B917F304C22CFBAB8D1934FE /* Pods-MobileNOCTask.debug.xcconfig */;
			buildSettings = {
				ASSETCATALOG_COMPILER_APPICON_NAME = AppIcon;
				CODE_SIGN_STYLE = Automatic;
				DEVELOPMENT_TEAM = 2T2XGF8AGY;
				INFOPLIST_FILE = "$(SRCROOT)/MobileNOCTask/Shared/App Assets/Info.plist";
				IPHONEOS_DEPLOYMENT_TARGET = 10.0;
				LD_RUNPATH_SEARCH_PATHS = (
					"$(inherited)",
					"@executable_path/Frameworks",
				);
				PRODUCT_BUNDLE_IDENTIFIER = com.moelnaggar.MobileNOCTask;
				PRODUCT_NAME = "$(TARGET_NAME)";
				SWIFT_VERSION = 4.2;
				TARGETED_DEVICE_FAMILY = 2;
			};
			name = Debug;
		};
		A573B2D921DFAE47008A1C9D /* Release */ = {
			isa = XCBuildConfiguration;
			baseConfigurationReference = 03F4E0E97DC2CE6CCE69EA4C /* Pods-MobileNOCTask.release.xcconfig */;
			buildSettings = {
				ASSETCATALOG_COMPILER_APPICON_NAME = AppIcon;
				CODE_SIGN_STYLE = Automatic;
				DEVELOPMENT_TEAM = 2T2XGF8AGY;
				INFOPLIST_FILE = "$(SRCROOT)/MobileNOCTask/Shared/App Assets/Info.plist";
				IPHONEOS_DEPLOYMENT_TARGET = 10.0;
				LD_RUNPATH_SEARCH_PATHS = (
					"$(inherited)",
					"@executable_path/Frameworks",
				);
				PRODUCT_BUNDLE_IDENTIFIER = com.moelnaggar.MobileNOCTask;
				PRODUCT_NAME = "$(TARGET_NAME)";
				SWIFT_VERSION = 4.2;
				TARGETED_DEVICE_FAMILY = 2;
			};
			name = Release;
		};
		A573B2DB21DFAE47008A1C9D /* Debug */ = {
			isa = XCBuildConfiguration;
			baseConfigurationReference = F40909D8105FED21355F4AC9 /* Pods-MobileNOCTaskTests.debug.xcconfig */;
			buildSettings = {
				ALWAYS_EMBED_SWIFT_STANDARD_LIBRARIES = YES;
				BUNDLE_LOADER = "$(TEST_HOST)";
				CODE_SIGN_STYLE = Automatic;
				DEVELOPMENT_TEAM = 2T2XGF8AGY;
				INFOPLIST_FILE = MobileNOCTaskTests/Info.plist;
				LD_RUNPATH_SEARCH_PATHS = (
					"$(inherited)",
					"@executable_path/Frameworks",
					"@loader_path/Frameworks",
				);
				PRODUCT_BUNDLE_IDENTIFIER = com.moelnaggar.MobileNOCTaskTests;
				PRODUCT_NAME = "$(TARGET_NAME)";
				SWIFT_VERSION = 4.2;
				TARGETED_DEVICE_FAMILY = "1,2";
				TEST_HOST = "$(BUILT_PRODUCTS_DIR)/MobileNOCTask.app/MobileNOCTask";
			};
			name = Debug;
		};
		A573B2DC21DFAE47008A1C9D /* Release */ = {
			isa = XCBuildConfiguration;
			baseConfigurationReference = B52290DE75CFC81D22543EAD /* Pods-MobileNOCTaskTests.release.xcconfig */;
			buildSettings = {
				ALWAYS_EMBED_SWIFT_STANDARD_LIBRARIES = YES;
				BUNDLE_LOADER = "$(TEST_HOST)";
				CODE_SIGN_STYLE = Automatic;
				DEVELOPMENT_TEAM = 2T2XGF8AGY;
				INFOPLIST_FILE = MobileNOCTaskTests/Info.plist;
				LD_RUNPATH_SEARCH_PATHS = (
					"$(inherited)",
					"@executable_path/Frameworks",
					"@loader_path/Frameworks",
				);
				PRODUCT_BUNDLE_IDENTIFIER = com.moelnaggar.MobileNOCTaskTests;
				PRODUCT_NAME = "$(TARGET_NAME)";
				SWIFT_VERSION = 4.2;
				TARGETED_DEVICE_FAMILY = "1,2";
				TEST_HOST = "$(BUILT_PRODUCTS_DIR)/MobileNOCTask.app/MobileNOCTask";
			};
			name = Release;
		};
		A573B2DE21DFAE47008A1C9D /* Debug */ = {
			isa = XCBuildConfiguration;
			baseConfigurationReference = A9017DD7AD0CFFF3472F9F92 /* Pods-MobileNOCTaskUITests.debug.xcconfig */;
			buildSettings = {
				ALWAYS_EMBED_SWIFT_STANDARD_LIBRARIES = YES;
				CODE_SIGN_STYLE = Automatic;
				DEVELOPMENT_TEAM = 2T2XGF8AGY;
				INFOPLIST_FILE = MobileNOCTaskUITests/Info.plist;
				LD_RUNPATH_SEARCH_PATHS = (
					"$(inherited)",
					"@executable_path/Frameworks",
					"@loader_path/Frameworks",
				);
				PRODUCT_BUNDLE_IDENTIFIER = com.moelnaggar.MobileNOCTaskUITests;
				PRODUCT_NAME = "$(TARGET_NAME)";
				SWIFT_VERSION = 4.2;
				TARGETED_DEVICE_FAMILY = "1,2";
				TEST_TARGET_NAME = MobileNOCTask;
			};
			name = Debug;
		};
		A573B2DF21DFAE47008A1C9D /* Release */ = {
			isa = XCBuildConfiguration;
			baseConfigurationReference = 00B95EA1782B48FD7E03B038 /* Pods-MobileNOCTaskUITests.release.xcconfig */;
			buildSettings = {
				ALWAYS_EMBED_SWIFT_STANDARD_LIBRARIES = YES;
				CODE_SIGN_STYLE = Automatic;
				DEVELOPMENT_TEAM = 2T2XGF8AGY;
				INFOPLIST_FILE = MobileNOCTaskUITests/Info.plist;
				LD_RUNPATH_SEARCH_PATHS = (
					"$(inherited)",
					"@executable_path/Frameworks",
					"@loader_path/Frameworks",
				);
				PRODUCT_BUNDLE_IDENTIFIER = com.moelnaggar.MobileNOCTaskUITests;
				PRODUCT_NAME = "$(TARGET_NAME)";
				SWIFT_VERSION = 4.2;
				TARGETED_DEVICE_FAMILY = "1,2";
				TEST_TARGET_NAME = MobileNOCTask;
			};
			name = Release;
		};
/* End XCBuildConfiguration section */

/* Begin XCConfigurationList section */
		A573B2AA21DFAE45008A1C9D /* Build configuration list for PBXProject "MobileNOCTask" */ = {
			isa = XCConfigurationList;
			buildConfigurations = (
				A573B2D521DFAE47008A1C9D /* Debug */,
				A573B2D621DFAE47008A1C9D /* Release */,
			);
			defaultConfigurationIsVisible = 0;
			defaultConfigurationName = Release;
		};
		A573B2D721DFAE47008A1C9D /* Build configuration list for PBXNativeTarget "MobileNOCTask" */ = {
			isa = XCConfigurationList;
			buildConfigurations = (
				A573B2D821DFAE47008A1C9D /* Debug */,
				A573B2D921DFAE47008A1C9D /* Release */,
			);
			defaultConfigurationIsVisible = 0;
			defaultConfigurationName = Release;
		};
		A573B2DA21DFAE47008A1C9D /* Build configuration list for PBXNativeTarget "MobileNOCTaskTests" */ = {
			isa = XCConfigurationList;
			buildConfigurations = (
				A573B2DB21DFAE47008A1C9D /* Debug */,
				A573B2DC21DFAE47008A1C9D /* Release */,
			);
			defaultConfigurationIsVisible = 0;
			defaultConfigurationName = Release;
		};
		A573B2DD21DFAE47008A1C9D /* Build configuration list for PBXNativeTarget "MobileNOCTaskUITests" */ = {
			isa = XCConfigurationList;
			buildConfigurations = (
				A573B2DE21DFAE47008A1C9D /* Debug */,
				A573B2DF21DFAE47008A1C9D /* Release */,
			);
			defaultConfigurationIsVisible = 0;
			defaultConfigurationName = Release;
		};
/* End XCConfigurationList section */
	};
	rootObject = A573B2A721DFAE45008A1C9D /* Project object */;
}
